
Microsoft Visual Studio Solution File, Format Version 12.00
# Visual Studio Version 17
VisualStudioVersion = 17.12.35527.113
MinimumVisualStudioVersion = 10.0.40219.1
Project("{FAE04EC0-301F-11D3-BF4B-00C04F79EFBC}") = "EasyDbc", "EasyDbc\EasyDbc.csproj", "{67DF2539-8F25-4422-A074-BEF8F0DEDD87}"
EndProject
Project("{FAE04EC0-301F-11D3-BF4B-00C04F79EFBC}") = "EasyDbc.Test", "EasyDbc.Test\EasyDbc.Test.csproj", "{D0A1757D-A73F-4D1F-B7FA-39EEE2F309D2}"
EndProject
Project("{FAE04EC0-301F-11D3-BF4B-00C04F79EFBC}") = "EasyDbc.Benchmark", "EasyDbc.Benchmark\EasyDbc.Benchmark.csproj", "{02C151F8-0B3D-4831-B900-A998FC56C72A}"
EndProject
Project("{FAE04EC0-301F-11D3-BF4B-00C04F79EFBC}") = "EasyDbc.Demo", "EasyDbc.Demo\EasyDbc.Demo.csproj", "{96131094-A71D-46EB-A50C-D4868CDAE650}"
EndProject
Global
	GlobalSection(SolutionConfigurationPlatforms) = preSolution
		Debug|Any CPU = Debug|Any CPU
		Release|Any CPU = Release|Any CPU
	EndGlobalSection
	GlobalSection(ProjectConfigurationPlatforms) = postSolution
		{67DF2539-8F25-4422-A074-BEF8F0DEDD87}.Debug|Any CPU.ActiveCfg = Debug|Any CPU
		{67DF2539-8F25-4422-A074-BEF8F0DEDD87}.Debug|Any CPU.Build.0 = Debug|Any CPU
		{67DF2539-8F25-4422-A074-BEF8F0DEDD87}.Release|Any CPU.ActiveCfg = Release|Any CPU
		{67DF2539-8F25-4422-A074-BEF8F0DEDD87}.Release|Any CPU.Build.0 = Release|Any CPU
		{D0A1757D-A73F-4D1F-B7FA-39EEE2F309D2}.Debug|Any CPU.ActiveCfg = Debug|Any CPU
		{D0A1757D-A73F-4D1F-B7FA-39EEE2F309D2}.Debug|Any CPU.Build.0 = Debug|Any CPU
		{D0A1757D-A73F-4D1F-B7FA-39EEE2F309D2}.Release|Any CPU.ActiveCfg = Release|Any CPU
		{D0A1757D-A73F-4D1F-B7FA-39EEE2F309D2}.Release|Any CPU.Build.0 = Release|Any CPU
		{02C151F8-0B3D-4831-B900-A998FC56C72A}.Debug|Any CPU.ActiveCfg = Debug|Any CPU
		{02C151F8-0B3D-4831-B900-A998FC56C72A}.Debug|Any CPU.Build.0 = Debug|Any CPU
		{02C151F8-0B3D-4831-B900-A998FC56C72A}.Release|Any CPU.ActiveCfg = Release|Any CPU
		{02C151F8-0B3D-4831-B900-A998FC56C72A}.Release|Any CPU.Build.0 = Release|Any CPU
		{96131094-A71D-46EB-A50C-D4868CDAE650}.Debug|Any CPU.ActiveCfg = Debug|Any CPU
		{96131094-A71D-46EB-A50C-D4868CDAE650}.Debug|Any CPU.Build.0 = Debug|Any CPU
		{96131094-A71D-46EB-A50C-D4868CDAE650}.Release|Any CPU.ActiveCfg = Release|Any CPU
		{96131094-A71D-46EB-A50C-D4868CDAE650}.Release|Any CPU.Build.0 = Release|Any CPU
	EndGlobalSection
	GlobalSection(SolutionProperties) = preSolution
		HideSolutionNode = FALSE
	EndGlobalSection
EndGlobal
